{
  "version": 4,
  "terraform_version": "1.9.5",
  "serial": 4,
  "lineage": "dcf87389-a0eb-2534-9de5-fd1ca1a78ea8",
  "outputs": {},
  "resources": [
    {
      "mode": "managed",
      "type": "google_compute_address",
      "name": "static-ip-address",
      "provider": "provider[\"registry.terraform.io/hashicorp/google\"]",
      "instances": [
        {
          "schema_version": 0,
          "attributes": {
            "address": "34.125.123.73",
            "address_type": "EXTERNAL",
            "creation_timestamp": "2024-09-16T22:17:36.236-07:00",
            "description": "",
            "effective_labels": {},
            "id": "projects/mlz-workspace/regions/us-west4/addresses/my-static-ip-address",
            "ip_version": "",
            "ipv6_endpoint_type": "",
            "label_fingerprint": "42WmSpB8rSM=",
            "labels": null,
            "name": "my-static-ip-address",
            "network": "",
            "network_tier": "PREMIUM",
            "prefix_length": 0,
            "project": "mlz-workspace",
            "purpose": "",
            "region": "us-west4",
            "self_link": "https://www.googleapis.com/compute/v1/projects/mlz-workspace/regions/us-west4/addresses/my-static-ip-address",
            "subnetwork": "",
            "terraform_labels": {},
            "timeouts": null,
            "users": []
          },
          "sensitive_attributes": [],
          "private": "eyJlMmJmYjczMC1lY2FhLTExZTYtOGY4OC0zNDM2M2JjN2M0YzAiOnsiY3JlYXRlIjoxMjAwMDAwMDAwMDAwLCJkZWxldGUiOjEyMDAwMDAwMDAwMDAsInVwZGF0ZSI6MTIwMDAwMDAwMDAwMH19"
        }
      ]
    },
    {
      "mode": "managed",
      "type": "google_compute_instance",
      "name": "mlz-vm-instance",
      "provider": "provider[\"registry.terraform.io/hashicorp/google\"]",
      "instances": [
        {
          "schema_version": 6,
          "attributes": {
            "advanced_machine_features": [],
            "allow_stopping_for_update": null,
            "attached_disk": [],
            "boot_disk": [
              {
                "auto_delete": true,
                "device_name": "mlz-vm-instance",
                "disk_encryption_key_raw": "",
                "disk_encryption_key_sha256": "",
                "initialize_params": [
                  {
                    "enable_confidential_compute": false,
                    "image": "https://www.googleapis.com/compute/v1/projects/ubuntu-os-cloud/global/images/ubuntu-2004-focal-v20240307b",
                    "labels": {},
                    "provisioned_iops": 0,
                    "provisioned_throughput": 0,
                    "resource_manager_tags": null,
                    "size": 100,
                    "type": "pd-balanced"
                  }
                ],
                "kms_key_self_link": "",
                "mode": "READ_WRITE",
                "source": "https://www.googleapis.com/compute/v1/projects/mlz-workspace/zones/us-west4-b/disks/mlz-vm-instance"
              }
            ],
            "can_ip_forward": false,
            "confidential_instance_config": [],
            "cpu_platform": "Intel Broadwell",
            "current_status": "RUNNING",
            "deletion_protection": false,
            "description": "",
            "desired_status": null,
            "effective_labels": {
              "goog-ec-src": "vm_add-tf"
            },
            "enable_display": false,
            "guest_accelerator": [],
            "hostname": "",
            "id": "projects/mlz-workspace/zones/us-west4-b/instances/mlz-vm-instance",
            "instance_id": "8838862043345104401",
            "label_fingerprint": "u__a2NSF3Cs=",
            "labels": {
              "goog-ec-src": "vm_add-tf"
            },
            "machine_type": "e2-standard-4",
            "metadata": {
              "ssh-keys": "emilel:ssh-rsa AAAAB3NzaC1yc2EAAAADAQABAAABAQDVYh/cq4EZen72+wLkW3sX5pgHOXnC3t3KXMVB+BvalNYFv66rAh3+n3NmWV7zVzfRSNEWK+88ptMgvVqWESxDPIMeQhMWCeaI7R/wkb+/T75Igbb3Zc9mA+dU2wLn7XerB9nWfGGGKYGwGW+Z0dj5EE3nStmhC0t8clWAQcOnT9w493jkxAof1QxAhMjrZ4a8roZfcbODxzqUca4E4/rvdWIoZT4dPkVU+ZJW8CF6HIMJP1I66ZNce2FY1L9MbczIInOxC6Q+ozFoIk7CDMlotC+RuMnoAjqxvqXvGvGyGV7mE9zGPLlfRYJ1evo3+HtVsw7g+ilpbo63PsTE1gK9 emilel\n"
            },
            "metadata_fingerprint": "XNiHZL8C3lw=",
            "metadata_startup_script": null,
            "min_cpu_platform": "",
            "name": "mlz-vm-instance",
            "network_interface": [
              {
                "access_config": [
                  {
                    "nat_ip": "34.125.123.73",
                    "network_tier": "PREMIUM",
                    "public_ptr_domain_name": ""
                  }
                ],
                "alias_ip_range": [],
                "internal_ipv6_prefix_length": 0,
                "ipv6_access_config": [],
                "ipv6_access_type": "",
                "ipv6_address": "",
                "name": "nic0",
                "network": "https://www.googleapis.com/compute/v1/projects/mlz-workspace/global/networks/default",
                "network_ip": "10.182.0.2",
                "nic_type": "",
                "queue_count": 0,
                "stack_type": "IPV4_ONLY",
                "subnetwork": "https://www.googleapis.com/compute/v1/projects/mlz-workspace/regions/us-west4/subnetworks/default",
                "subnetwork_project": "mlz-workspace"
              }
            ],
            "network_performance_config": [],
            "params": [],
            "project": "mlz-workspace",
            "reservation_affinity": [],
            "resource_policies": null,
            "scheduling": [
              {
                "automatic_restart": true,
                "instance_termination_action": "",
                "local_ssd_recovery_timeout": [],
                "min_node_cpus": 0,
                "node_affinities": [],
                "on_host_maintenance": "MIGRATE",
                "preemptible": false,
                "provisioning_model": "STANDARD"
              }
            ],
            "scratch_disk": [],
            "self_link": "https://www.googleapis.com/compute/v1/projects/mlz-workspace/zones/us-west4-b/instances/mlz-vm-instance",
            "service_account": [
              {
                "email": "mlz-emil@mlz-workspace.iam.gserviceaccount.com",
                "scopes": [
                  "https://www.googleapis.com/auth/cloud-platform"
                ]
              }
            ],
            "shielded_instance_config": [
              {
                "enable_integrity_monitoring": true,
                "enable_secure_boot": false,
                "enable_vtpm": true
              }
            ],
            "tags": null,
            "tags_fingerprint": "42WmSpB8rSM=",
            "terraform_labels": {
              "goog-ec-src": "vm_add-tf"
            },
            "timeouts": null,
            "zone": "us-west4-b"
          },
          "sensitive_attributes": [
            [
              {
                "type": "get_attr",
                "value": "boot_disk"
              },
              {
                "type": "index",
                "value": {
                  "value": 0,
                  "type": "number"
                }
              },
              {
                "type": "get_attr",
                "value": "disk_encryption_key_raw"
              }
            ]
          ],
          "private": "eyJlMmJmYjczMC1lY2FhLTExZTYtOGY4OC0zNDM2M2JjN2M0YzAiOnsiY3JlYXRlIjoxMjAwMDAwMDAwMDAwLCJkZWxldGUiOjEyMDAwMDAwMDAwMDAsInVwZGF0ZSI6MTIwMDAwMDAwMDAwMH0sInNjaGVtYV92ZXJzaW9uIjoiNiJ9",
          "dependencies": [
            "google_compute_address.static-ip-address"
          ]
        }
      ]
    }
  ],
  "check_results": null
}
